Microsoft Visual Studio Solution File, Format Version 12.00
# Visual Studio Version 17
VisualStudioVersion = 17.5.2.0
MinimumVisualStudioVersion = 10.0.40219.1
Project("{FAE04EC0-301F-11D3-BF4B-00C04F79EFBC}") = "rssReader", "rssReader.csproj", "{AF0CB07F-E10F-35BE-657D-E71E8A840B76}"
EndProject
Global
	GlobalSection(SolutionConfigurationPlatforms) = preSolution
		Debug|Any CPU = Debug|Any CPU
		Release|Any CPU = Release|Any CPU
	EndGlobalSection
	GlobalSection(ProjectConfigurationPlatforms) = postSolution
		{AF0CB07F-E10F-35BE-657D-E71E8A840B76}.Debug|Any CPU.ActiveCfg = Debug|Any CPU
		{AF0CB07F-E10F-35BE-657D-E71E8A840B76}.Debug|Any CPU.Build.0 = Debug|Any CPU
		{AF0CB07F-E10F-35BE-657D-E71E8A840B76}.Release|Any CPU.ActiveCfg = Release|Any CPU
		{AF0CB07F-E10F-35BE-657D-E71E8A840B76}.Release|Any CPU.Build.0 = Release|Any CPU
	EndGlobalSection
	GlobalSection(SolutionProperties) = preSolution
		HideSolutionNode = FALSE
	EndGlobalSection
	GlobalSection(ExtensibilityGlobals) = postSolution
		SolutionGuid = {DFA970EE-6023-44B8-AD8C-571B1AA9824D}
	EndGlobalSection
EndGlobal
